
Microsoft Visual Studio Solution File, Format Version 12.00
# Visual Studio Version 17
VisualStudioVersion = 17.7.34003.232
MinimumVisualStudioVersion = 10.0.40219.1
Project("{8BC9CEB8-8B4A-11D0-8D11-00A0C91BC942}") = "VnmViewer", "VnmViewer.vcxproj", "{3124F10A-8BEC-4569-97D1-CB6B9A3E7AD7}"
EndProject
Global
	GlobalSection(SolutionConfigurationPlatforms) = preSolution
		Debug|x64 = Debug|x64
		Debug|x86 = Debug|x86
		Release|x64 = Release|x64
		Release|x86 = Release|x86
	EndGlobalSection
	GlobalSection(ProjectConfigurationPlatforms) = postSolution
		{3124F10A-8BEC-4569-97D1-CB6B9A3E7AD7}.Debug|x64.ActiveCfg = Debug|x64
		{3124F10A-8BEC-4569-97D1-CB6B9A3E7AD7}.Debug|x64.Build.0 = Debug|x64
		{3124F10A-8BEC-4569-97D1-CB6B9A3E7AD7}.Debug|x86.ActiveCfg = Debug|Win32
		{3124F10A-8BEC-4569-97D1-CB6B9A3E7AD7}.Debug|x86.Build.0 = Debug|Win32
		{3124F10A-8BEC-4569-97D1-CB6B9A3E7AD7}.Release|x64.ActiveCfg = Release|x64
		{3124F10A-8BEC-4569-97D1-CB6B9A3E7AD7}.Release|x64.Build.0 = Release|x64
		{3124F10A-8BEC-4569-97D1-CB6B9A3E7AD7}.Release|x86.ActiveCfg = Release|Win32
		{3124F10A-8BEC-4569-97D1-CB6B9A3E7AD7}.Release|x86.Build.0 = Release|Win32
	EndGlobalSection
	GlobalSection(SolutionProperties) = preSolution
		HideSolutionNode = FALSE
	EndGlobalSection
	GlobalSection(ExtensibilityGlobals) = postSolution
		SolutionGuid = {B070C586-A492-458E-815D-644A2E388B54}
	EndGlobalSection
EndGlobal
